// !$*UTF8*$!
{
	archiveVersion = 1;
	classes = {
	};
	objectVersion = 46;
	objects = {

/* Begin PBXBuildFile section */
		3776F5BB390D331A0BE47261 /* Pods_InternaVet2.framework in Frameworks */ = {isa = PBXBuildFile; fileRef = 79C15F1DDA5279E9476FF73B /* Pods_InternaVet2.framework */; };
		5955FA70B9E80008BE251460 /* Pods_InternaVet2Tests.framework in Frameworks */ = {isa = PBXBuildFile; fileRef = 0FC50C2C14B1B8CD24165323 /* Pods_InternaVet2Tests.framework */; };
		8E135B881F648BBA00F9162B /* Patient.swift in Sources */ = {isa = PBXBuildFile; fileRef = 8E135B871F648BBA00F9162B /* Patient.swift */; };
		8E135B8A1F648C1E00F9162B /* SessionController.swift in Sources */ = {isa = PBXBuildFile; fileRef = 8E135B891F648C1E00F9162B /* SessionController.swift */; };
		8E135B8C1F648DF700F9162B /* User.swift in Sources */ = {isa = PBXBuildFile; fileRef = 8E135B8B1F648DF700F9162B /* User.swift */; };
		8E135B8E1F655E8D00F9162B /* UIView+Helpers.swift in Sources */ = {isa = PBXBuildFile; fileRef = 8E135B8D1F655E8C00F9162B /* UIView+Helpers.swift */; };
		8E1BABC31F40D18E00808B16 /* InternaVet2Tests.swift in Sources */ = {isa = PBXBuildFile; fileRef = 8E1BABC21F40D18E00808B16 /* InternaVet2Tests.swift */; };
		8E1BABD51F40D28200808B16 /* Assets.xcassets in Resources */ = {isa = PBXBuildFile; fileRef = 8E1BABD41F40D28200808B16 /* Assets.xcassets */; };
		8E1BABD81F40D2B700808B16 /* InternaVet2.xcdatamodeld in Sources */ = {isa = PBXBuildFile; fileRef = 8E1BABD61F40D2B700808B16 /* InternaVet2.xcdatamodeld */; };
		8E1BABDD1F40D31A00808B16 /* LaunchScreen.storyboard in Resources */ = {isa = PBXBuildFile; fileRef = 8E1BABDC1F40D31A00808B16 /* LaunchScreen.storyboard */; };
		8E1BABE61F40D7E600808B16 /* Main.storyboard in Resources */ = {isa = PBXBuildFile; fileRef = 8E1BABE51F40D7E600808B16 /* Main.storyboard */; };
		8E29443A1F65D6EE00F0FA8A /* CreateNewTaskViewController.swift in Sources */ = {isa = PBXBuildFile; fileRef = 8E2944391F65D6EE00F0FA8A /* CreateNewTaskViewController.swift */; };
		8E2D3B081F4A022F00A6B783 /* CGRect+Helpers.swift in Sources */ = {isa = PBXBuildFile; fileRef = 8E2D3B071F4A022F00A6B783 /* CGRect+Helpers.swift */; };
		8E30CEEA1F65F170007D34F7 /* BorderedButtonFields.swift in Sources */ = {isa = PBXBuildFile; fileRef = 8E30CEE91F65F170007D34F7 /* BorderedButtonFields.swift */; };
		8E30CEED1F65F1E5007D34F7 /* DualLabelView.swift in Sources */ = {isa = PBXBuildFile; fileRef = 8E30CEEC1F65F1E5007D34F7 /* DualLabelView.swift */; };
		8E30CEF01F65FBF8007D34F7 /* StringRepresentable+Implementations.swift in Sources */ = {isa = PBXBuildFile; fileRef = 8E30CEEF1F65FBF8007D34F7 /* StringRepresentable+Implementations.swift */; };
		8E30CEF71F6623BE007D34F7 /* CreateNewOwner.storyboard in Resources */ = {isa = PBXBuildFile; fileRef = 8E30CEF21F6623BE007D34F7 /* CreateNewOwner.storyboard */; };
		8E30CEF81F6623BE007D34F7 /* CreateNewPatient.storyboard in Resources */ = {isa = PBXBuildFile; fileRef = 8E30CEF41F6623BE007D34F7 /* CreateNewPatient.storyboard */; };
		8E30CEF91F6623BE007D34F7 /* CreateNewTask.storyboard in Resources */ = {isa = PBXBuildFile; fileRef = 8E30CEF61F6623BE007D34F7 /* CreateNewTask.storyboard */; };
		8E30CF011F66249A007D34F7 /* PatientsListViewController.swift in Sources */ = {isa = PBXBuildFile; fileRef = 8E30CF001F66249A007D34F7 /* PatientsListViewController.swift */; };
		8E30CF031F662C45007D34F7 /* ValuedUILabel.swift in Sources */ = {isa = PBXBuildFile; fileRef = 8E30CF021F662C45007D34F7 /* ValuedUILabel.swift */; };
		8E67C9DC1F40F35000C3C4CE /* AppDelegate.swift in Sources */ = {isa = PBXBuildFile; fileRef = 8E67C9D71F40F35000C3C4CE /* AppDelegate.swift */; };
		8E67C9DD1F40F35000C3C4CE /* CreateNewOwnerViewController.swift in Sources */ = {isa = PBXBuildFile; fileRef = 8E67C9D91F40F35000C3C4CE /* CreateNewOwnerViewController.swift */; };
		8E67C9DE1F40F35000C3C4CE /* MainTabBarController.swift in Sources */ = {isa = PBXBuildFile; fileRef = 8E67C9DB1F40F35000C3C4CE /* MainTabBarController.swift */; };
		8E67C9E91F40F57100C3C4CE /* Colors.swift in Sources */ = {isa = PBXBuildFile; fileRef = 8E67C9E81F40F57100C3C4CE /* Colors.swift */; };
		8E79E2F31F675A17007FA9BD /* PatientsList.storyboard in Resources */ = {isa = PBXBuildFile; fileRef = 8E79E2F21F675A17007FA9BD /* PatientsList.storyboard */; };
		8E79E2F51F675A81007FA9BD /* PatientTableViewCell.swift in Sources */ = {isa = PBXBuildFile; fileRef = 8E79E2F41F675A81007FA9BD /* PatientTableViewCell.swift */; };
		8E79E2F71F675E95007FA9BD /* JSGenericTableController+Implementations.swift in Sources */ = {isa = PBXBuildFile; fileRef = 8E79E2F61F675E95007FA9BD /* JSGenericTableController+Implementations.swift */; };
		8E79E2FA1F676452007FA9BD /* UtilitaryFunctions.swift in Sources */ = {isa = PBXBuildFile; fileRef = 8E79E2F91F676452007FA9BD /* UtilitaryFunctions.swift */; };
		8EA87B411F62BB1000682C19 /* ArrowView.swift in Sources */ = {isa = PBXBuildFile; fileRef = 8EA87B3A1F62BB1000682C19 /* ArrowView.swift */; };
		8EA87B421F62BB1000682C19 /* BorderedView.swift in Sources */ = {isa = PBXBuildFile; fileRef = 8EA87B3B1F62BB1000682C19 /* BorderedView.swift */; };
		8EA87B431F62BB1000682C19 /* SelectionViewFields.swift in Sources */ = {isa = PBXBuildFile; fileRef = 8EA87B3C1F62BB1000682C19 /* SelectionViewFields.swift */; };
		8EA87B441F62BB1000682C19 /* ContentView.swift in Sources */ = {isa = PBXBuildFile; fileRef = 8EA87B3D1F62BB1000682C19 /* ContentView.swift */; };
		8EA87B451F62BB1000682C19 /* CustomFloatTextField.swift in Sources */ = {isa = PBXBuildFile; fileRef = 8EA87B3F1F62BB1000682C19 /* CustomFloatTextField.swift */; };
		8EA87B461F62BB1000682C19 /* SelectionView.swift in Sources */ = {isa = PBXBuildFile; fileRef = 8EA87B401F62BB1000682C19 /* SelectionView.swift */; };
		8EA87B481F62CF1B00682C19 /* FieldViewContainerView.swift in Sources */ = {isa = PBXBuildFile; fileRef = 8EA87B471F62CF1B00682C19 /* FieldViewContainerView.swift */; };
		8EA87B4B1F62FC9C00682C19 /* CreateNewPatientViewController.swift in Sources */ = {isa = PBXBuildFile; fileRef = 8EA87B4A1F62FC9C00682C19 /* CreateNewPatientViewController.swift */; };
		8EA87B4D1F63008D00682C19 /* SearchableListViewController.swift in Sources */ = {isa = PBXBuildFile; fileRef = 8EA87B4C1F63008D00682C19 /* SearchableListViewController.swift */; };
		8EA87B4F1F6301C200682C19 /* SearchableList.storyboard in Resources */ = {isa = PBXBuildFile; fileRef = 8EA87B4E1F6301C200682C19 /* SearchableList.storyboard */; };
		8EA87B521F63414500682C19 /* StorageContext.swift in Sources */ = {isa = PBXBuildFile; fileRef = 8EA87B511F63414500682C19 /* StorageContext.swift */; };
		8EA87B551F63605800682C19 /* Owner.swift in Sources */ = {isa = PBXBuildFile; fileRef = 8EA87B541F63605800682C19 /* Owner.swift */; };
		8EFC66DF1F5B0D520090F291 /* UIColor+Helpers.swift in Sources */ = {isa = PBXBuildFile; fileRef = 8EFC66DE1F5B0D520090F291 /* UIColor+Helpers.swift */; };
		8EFC66E11F5B1FD30090F291 /* CGContext+Helpers.swift in Sources */ = {isa = PBXBuildFile; fileRef = 8EFC66E01F5B1FD30090F291 /* CGContext+Helpers.swift */; };
/* End PBXBuildFile section */

/* Begin PBXContainerItemProxy section */
		8E1BABBF1F40D18E00808B16 /* PBXContainerItemProxy */ = {
			isa = PBXContainerItemProxy;
			containerPortal = 8E1BAB9F1F40D18D00808B16 /* Project object */;
			proxyType = 1;
			remoteGlobalIDString = 8E1BABA61F40D18E00808B16;
			remoteInfo = InternaVet2;
		};
/* End PBXContainerItemProxy section */

/* Begin PBXFileReference section */
		0FC50C2C14B1B8CD24165323 /* Pods_InternaVet2Tests.framework */ = {isa = PBXFileReference; explicitFileType = wrapper.framework; includeInIndex = 0; path = Pods_InternaVet2Tests.framework; sourceTree = BUILT_PRODUCTS_DIR; };
		238BDCE58DD29F17F6B56654 /* Pods-InternaVet2.debug.xcconfig */ = {isa = PBXFileReference; includeInIndex = 1; lastKnownFileType = text.xcconfig; name = "Pods-InternaVet2.debug.xcconfig"; path = "Pods/Target Support Files/Pods-InternaVet2/Pods-InternaVet2.debug.xcconfig"; sourceTree = "<group>"; };
		7169EFBB255783ED9952BD46 /* Pods-InternaVet2Tests.debug.xcconfig */ = {isa = PBXFileReference; includeInIndex = 1; lastKnownFileType = text.xcconfig; name = "Pods-InternaVet2Tests.debug.xcconfig"; path = "Pods/Target Support Files/Pods-InternaVet2Tests/Pods-InternaVet2Tests.debug.xcconfig"; sourceTree = "<group>"; };
		79C15F1DDA5279E9476FF73B /* Pods_InternaVet2.framework */ = {isa = PBXFileReference; explicitFileType = wrapper.framework; includeInIndex = 0; path = Pods_InternaVet2.framework; sourceTree = BUILT_PRODUCTS_DIR; };
		8E135B871F648BBA00F9162B /* Patient.swift */ = {isa = PBXFileReference; fileEncoding = 4; lastKnownFileType = sourcecode.swift; path = Patient.swift; sourceTree = "<group>"; };
		8E135B891F648C1E00F9162B /* SessionController.swift */ = {isa = PBXFileReference; fileEncoding = 4; lastKnownFileType = sourcecode.swift; path = SessionController.swift; sourceTree = "<group>"; };
		8E135B8B1F648DF700F9162B /* User.swift */ = {isa = PBXFileReference; fileEncoding = 4; lastKnownFileType = sourcecode.swift; path = User.swift; sourceTree = "<group>"; };
		8E135B8D1F655E8C00F9162B /* UIView+Helpers.swift */ = {isa = PBXFileReference; fileEncoding = 4; lastKnownFileType = sourcecode.swift; path = "UIView+Helpers.swift"; sourceTree = "<group>"; };
		8E1BABA71F40D18E00808B16 /* InternaVet2.app */ = {isa = PBXFileReference; explicitFileType = wrapper.application; includeInIndex = 0; path = InternaVet2.app; sourceTree = BUILT_PRODUCTS_DIR; };
		8E1BABBE1F40D18E00808B16 /* InternaVet2Tests.xctest */ = {isa = PBXFileReference; explicitFileType = wrapper.cfbundle; includeInIndex = 0; path = InternaVet2Tests.xctest; sourceTree = BUILT_PRODUCTS_DIR; };
		8E1BABC21F40D18E00808B16 /* InternaVet2Tests.swift */ = {isa = PBXFileReference; lastKnownFileType = sourcecode.swift; path = InternaVet2Tests.swift; sourceTree = "<group>"; };
		8E1BABC41F40D18E00808B16 /* Info.plist */ = {isa = PBXFileReference; lastKnownFileType = text.plist.xml; path = Info.plist; sourceTree = "<group>"; };
		8E1BABD41F40D28200808B16 /* Assets.xcassets */ = {isa = PBXFileReference; lastKnownFileType = folder.assetcatalog; path = Assets.xcassets; sourceTree = "<group>"; };
		8E1BABD71F40D2B700808B16 /* InternaVet2.xcdatamodel */ = {isa = PBXFileReference; lastKnownFileType = wrapper.xcdatamodel; path = InternaVet2.xcdatamodel; sourceTree = "<group>"; };
		8E1BABDC1F40D31A00808B16 /* LaunchScreen.storyboard */ = {isa = PBXFileReference; fileEncoding = 4; lastKnownFileType = file.storyboard; path = LaunchScreen.storyboard; sourceTree = "<group>"; };
		8E1BABDE1F40D64A00808B16 /* Info.plist */ = {isa = PBXFileReference; lastKnownFileType = text.plist.xml; path = Info.plist; sourceTree = "<group>"; };
		8E1BABE51F40D7E600808B16 /* Main.storyboard */ = {isa = PBXFileReference; fileEncoding = 4; lastKnownFileType = file.storyboard; path = Main.storyboard; sourceTree = "<group>"; };
		8E2944391F65D6EE00F0FA8A /* CreateNewTaskViewController.swift */ = {isa = PBXFileReference; fileEncoding = 4; lastKnownFileType = sourcecode.swift; path = CreateNewTaskViewController.swift; sourceTree = "<group>"; };
		8E2D3B071F4A022F00A6B783 /* CGRect+Helpers.swift */ = {isa = PBXFileReference; fileEncoding = 4; lastKnownFileType = sourcecode.swift; path = "CGRect+Helpers.swift"; sourceTree = "<group>"; };
		8E30CEE91F65F170007D34F7 /* BorderedButtonFields.swift */ = {isa = PBXFileReference; fileEncoding = 4; lastKnownFileType = sourcecode.swift; path = BorderedButtonFields.swift; sourceTree = "<group>"; };
		8E30CEEC1F65F1E5007D34F7 /* DualLabelView.swift */ = {isa = PBXFileReference; fileEncoding = 4; lastKnownFileType = sourcecode.swift; path = DualLabelView.swift; sourceTree = "<group>"; };
		8E30CEEF1F65FBF8007D34F7 /* StringRepresentable+Implementations.swift */ = {isa = PBXFileReference; fileEncoding = 4; lastKnownFileType = sourcecode.swift; path = "StringRepresentable+Implementations.swift"; sourceTree = "<group>"; };
		8E30CEF21F6623BE007D34F7 /* CreateNewOwner.storyboard */ = {isa = PBXFileReference; fileEncoding = 4; lastKnownFileType = file.storyboard; path = CreateNewOwner.storyboard; sourceTree = "<group>"; };
		8E30CEF41F6623BE007D34F7 /* CreateNewPatient.storyboard */ = {isa = PBXFileReference; fileEncoding = 4; lastKnownFileType = file.storyboard; path = CreateNewPatient.storyboard; sourceTree = "<group>"; };
		8E30CEF61F6623BE007D34F7 /* CreateNewTask.storyboard */ = {isa = PBXFileReference; fileEncoding = 4; lastKnownFileType = file.storyboard; path = CreateNewTask.storyboard; sourceTree = "<group>"; };
		8E30CF001F66249A007D34F7 /* PatientsListViewController.swift */ = {isa = PBXFileReference; fileEncoding = 4; lastKnownFileType = sourcecode.swift; path = PatientsListViewController.swift; sourceTree = "<group>"; };
		8E30CF021F662C45007D34F7 /* ValuedUILabel.swift */ = {isa = PBXFileReference; fileEncoding = 4; lastKnownFileType = sourcecode.swift; path = ValuedUILabel.swift; sourceTree = "<group>"; };
		8E67C9D71F40F35000C3C4CE /* AppDelegate.swift */ = {isa = PBXFileReference; fileEncoding = 4; lastKnownFileType = sourcecode.swift; path = AppDelegate.swift; sourceTree = "<group>"; };
		8E67C9D91F40F35000C3C4CE /* CreateNewOwnerViewController.swift */ = {isa = PBXFileReference; fileEncoding = 4; lastKnownFileType = sourcecode.swift; path = CreateNewOwnerViewController.swift; sourceTree = "<group>"; };
		8E67C9DB1F40F35000C3C4CE /* MainTabBarController.swift */ = {isa = PBXFileReference; fileEncoding = 4; lastKnownFileType = sourcecode.swift; path = MainTabBarController.swift; sourceTree = "<group>"; };
		8E67C9E81F40F57100C3C4CE /* Colors.swift */ = {isa = PBXFileReference; fileEncoding = 4; lastKnownFileType = sourcecode.swift; path = Colors.swift; sourceTree = "<group>"; };
		8E79E2F21F675A17007FA9BD /* PatientsList.storyboard */ = {isa = PBXFileReference; fileEncoding = 4; lastKnownFileType = file.storyboard; path = PatientsList.storyboard; sourceTree = "<group>"; };
		8E79E2F41F675A81007FA9BD /* PatientTableViewCell.swift */ = {isa = PBXFileReference; fileEncoding = 4; lastKnownFileType = sourcecode.swift; path = PatientTableViewCell.swift; sourceTree = "<group>"; };
		8E79E2F61F675E95007FA9BD /* JSGenericTableController+Implementations.swift */ = {isa = PBXFileReference; fileEncoding = 4; lastKnownFileType = sourcecode.swift; path = "JSGenericTableController+Implementations.swift"; sourceTree = "<group>"; };
		8E79E2F91F676452007FA9BD /* UtilitaryFunctions.swift */ = {isa = PBXFileReference; fileEncoding = 4; lastKnownFileType = sourcecode.swift; path = UtilitaryFunctions.swift; sourceTree = "<group>"; };
		8EA87B3A1F62BB1000682C19 /* ArrowView.swift */ = {isa = PBXFileReference; fileEncoding = 4; lastKnownFileType = sourcecode.swift; path = ArrowView.swift; sourceTree = "<group>"; };
		8EA87B3B1F62BB1000682C19 /* BorderedView.swift */ = {isa = PBXFileReference; fileEncoding = 4; lastKnownFileType = sourcecode.swift; path = BorderedView.swift; sourceTree = "<group>"; };
		8EA87B3C1F62BB1000682C19 /* SelectionViewFields.swift */ = {isa = PBXFileReference; fileEncoding = 4; lastKnownFileType = sourcecode.swift; path = SelectionViewFields.swift; sourceTree = "<group>"; };
		8EA87B3D1F62BB1000682C19 /* ContentView.swift */ = {isa = PBXFileReference; fileEncoding = 4; lastKnownFileType = sourcecode.swift; path = ContentView.swift; sourceTree = "<group>"; };
		8EA87B3F1F62BB1000682C19 /* CustomFloatTextField.swift */ = {isa = PBXFileReference; fileEncoding = 4; lastKnownFileType = sourcecode.swift; path = CustomFloatTextField.swift; sourceTree = "<group>"; };
		8EA87B401F62BB1000682C19 /* SelectionView.swift */ = {isa = PBXFileReference; fileEncoding = 4; lastKnownFileType = sourcecode.swift; path = SelectionView.swift; sourceTree = "<group>"; };
		8EA87B471F62CF1B00682C19 /* FieldViewContainerView.swift */ = {isa = PBXFileReference; fileEncoding = 4; lastKnownFileType = sourcecode.swift; path = FieldViewContainerView.swift; sourceTree = "<group>"; };
		8EA87B4A1F62FC9C00682C19 /* CreateNewPatientViewController.swift */ = {isa = PBXFileReference; fileEncoding = 4; lastKnownFileType = sourcecode.swift; path = CreateNewPatientViewController.swift; sourceTree = "<group>"; };
		8EA87B4C1F63008D00682C19 /* SearchableListViewController.swift */ = {isa = PBXFileReference; fileEncoding = 4; lastKnownFileType = sourcecode.swift; path = SearchableListViewController.swift; sourceTree = "<group>"; };
		8EA87B4E1F6301C200682C19 /* SearchableList.storyboard */ = {isa = PBXFileReference; fileEncoding = 4; lastKnownFileType = file.storyboard; path = SearchableList.storyboard; sourceTree = "<group>"; };
		8EA87B511F63414500682C19 /* StorageContext.swift */ = {isa = PBXFileReference; fileEncoding = 4; lastKnownFileType = sourcecode.swift; path = StorageContext.swift; sourceTree = "<group>"; };
		8EA87B541F63605800682C19 /* Owner.swift */ = {isa = PBXFileReference; fileEncoding = 4; lastKnownFileType = sourcecode.swift; path = Owner.swift; sourceTree = "<group>"; };
		8EFC66DE1F5B0D520090F291 /* UIColor+Helpers.swift */ = {isa = PBXFileReference; fileEncoding = 4; lastKnownFileType = sourcecode.swift; path = "UIColor+Helpers.swift"; sourceTree = "<group>"; };
		8EFC66E01F5B1FD30090F291 /* CGContext+Helpers.swift */ = {isa = PBXFileReference; fileEncoding = 4; lastKnownFileType = sourcecode.swift; path = "CGContext+Helpers.swift"; sourceTree = "<group>"; };
		C1C5BB12C58792A2AEF9DBC0 /* Pods-InternaVet2.release.xcconfig */ = {isa = PBXFileReference; includeInIndex = 1; lastKnownFileType = text.xcconfig; name = "Pods-InternaVet2.release.xcconfig"; path = "Pods/Target Support Files/Pods-InternaVet2/Pods-InternaVet2.release.xcconfig"; sourceTree = "<group>"; };
		DF5EEA3D31CD443686A0E574 /* Pods-InternaVet2Tests.release.xcconfig */ = {isa = PBXFileReference; includeInIndex = 1; lastKnownFileType = text.xcconfig; name = "Pods-InternaVet2Tests.release.xcconfig"; path = "Pods/Target Support Files/Pods-InternaVet2Tests/Pods-InternaVet2Tests.release.xcconfig"; sourceTree = "<group>"; };
/* End PBXFileReference section */

/* Begin PBXFrameworksBuildPhase section */
		8E1BABA41F40D18E00808B16 /* Frameworks */ = {
			isa = PBXFrameworksBuildPhase;
			buildActionMask = 2147483647;
			files = (
				3776F5BB390D331A0BE47261 /* Pods_InternaVet2.framework in Frameworks */,
			);
			runOnlyForDeploymentPostprocessing = 0;
		};
		8E1BABBB1F40D18E00808B16 /* Frameworks */ = {
			isa = PBXFrameworksBuildPhase;
			buildActionMask = 2147483647;
			files = (
				5955FA70B9E80008BE251460 /* Pods_InternaVet2Tests.framework in Frameworks */,
			);
			runOnlyForDeploymentPostprocessing = 0;
		};
/* End PBXFrameworksBuildPhase section */

/* Begin PBXGroup section */
		19456F5E1BD0754FA5D996E7 /* Pods */ = {
			isa = PBXGroup;
			children = (
				238BDCE58DD29F17F6B56654 /* Pods-InternaVet2.debug.xcconfig */,
				C1C5BB12C58792A2AEF9DBC0 /* Pods-InternaVet2.release.xcconfig */,
				7169EFBB255783ED9952BD46 /* Pods-InternaVet2Tests.debug.xcconfig */,
				DF5EEA3D31CD443686A0E574 /* Pods-InternaVet2Tests.release.xcconfig */,
			);
			name = Pods;
			sourceTree = "<group>";
		};
		471AAEFD9CCA45B066C16149 /* Frameworks */ = {
			isa = PBXGroup;
			children = (
				79C15F1DDA5279E9476FF73B /* Pods_InternaVet2.framework */,
				0FC50C2C14B1B8CD24165323 /* Pods_InternaVet2Tests.framework */,
			);
			name = Frameworks;
			sourceTree = "<group>";
		};
		8E1BAB9E1F40D18D00808B16 = {
			isa = PBXGroup;
			children = (
				8E1BABA91F40D18E00808B16 /* InternaVet2 */,
				8E1BABC11F40D18E00808B16 /* InternaVet2Tests */,
				8E1BABA81F40D18E00808B16 /* Products */,
				19456F5E1BD0754FA5D996E7 /* Pods */,
				471AAEFD9CCA45B066C16149 /* Frameworks */,
			);
			sourceTree = "<group>";
		};
		8E1BABA81F40D18E00808B16 /* Products */ = {
			isa = PBXGroup;
			children = (
				8E1BABA71F40D18E00808B16 /* InternaVet2.app */,
				8E1BABBE1F40D18E00808B16 /* InternaVet2Tests.xctest */,
			);
			name = Products;
			sourceTree = "<group>";
		};
		8E1BABA91F40D18E00808B16 /* InternaVet2 */ = {
			isa = PBXGroup;
			children = (
				8E1BABD01F40D1B000808B16 /* Supporting Files */,
				8E1BABCF1F40D1A800808B16 /* Core Data */,
				8E1BABCE1F40D1A000808B16 /* Resources */,
				8E1BABCD1F40D19700808B16 /* Sources */,
			);
			path = InternaVet2;
			sourceTree = "<group>";
		};
		8E1BABC11F40D18E00808B16 /* InternaVet2Tests */ = {
			isa = PBXGroup;
			children = (
				8E1BABC21F40D18E00808B16 /* InternaVet2Tests.swift */,
				8E1BABC41F40D18E00808B16 /* Info.plist */,
			);
			path = InternaVet2Tests;
			sourceTree = "<group>";
		};
		8E1BABCD1F40D19700808B16 /* Sources */ = {
			isa = PBXGroup;
			children = (
				8E79E2F81F67638D007FA9BD /* UtilitaryExtensions */,
				8E30CEEE1F65FBE5007D34F7 /* UtilitaryProtocols */,
				8EA87B531F63600D00682C19 /* Model */,
				8EA87B501F630F3000682C19 /* Storage */,
				8E67C9D61F40F35000C3C4CE /* Application */,
				8E67C9E71F40F56900C3C4CE /* Constants */,
				8E67C9E01F40F48E00C3C4CE /* Views */,
				8E67C9D51F40F35000C3C4CE /* Controllers */,
			);
			name = Sources;
			path = InternaVet2/Sources;
			sourceTree = SOURCE_ROOT;
		};
		8E1BABCE1F40D1A000808B16 /* Resources */ = {
			isa = PBXGroup;
			children = (
				8E1BABDB1F40D2D900808B16 /* User Interfaces */,
				8E1BABD41F40D28200808B16 /* Assets.xcassets */,
			);
			name = Resources;
			path = InternaVet2/Resources;
			sourceTree = SOURCE_ROOT;
		};
		8E1BABCF1F40D1A800808B16 /* Core Data */ = {
			isa = PBXGroup;
			children = (
				8E1BABD61F40D2B700808B16 /* InternaVet2.xcdatamodeld */,
			);
			name = "Core Data";
			path = "InternaVet2/Core Data";
			sourceTree = SOURCE_ROOT;
		};
		8E1BABD01F40D1B000808B16 /* Supporting Files */ = {
			isa = PBXGroup;
			children = (
				8E1BABDE1F40D64A00808B16 /* Info.plist */,
			);
			name = "Supporting Files";
			path = "InternaVet2/Supporting Files";
			sourceTree = SOURCE_ROOT;
		};
		8E1BABDB1F40D2D900808B16 /* User Interfaces */ = {
			isa = PBXGroup;
			children = (
				8E30CEF11F6623BE007D34F7 /* OwnerInterfaces */,
				8E30CEF31F6623BE007D34F7 /* PatientInterfaces */,
				8E30CEF51F6623BE007D34F7 /* TaskInterfaces */,
				8E1BABE21F40D7B900808B16 /* Main */,
				8E1BABDC1F40D31A00808B16 /* LaunchScreen.storyboard */,
			);
			name = "User Interfaces";
			path = "InternaVet2/Resources/User Interfaces";
			sourceTree = SOURCE_ROOT;
		};
		8E1BABE21F40D7B900808B16 /* Main */ = {
			isa = PBXGroup;
			children = (
				8E1BABE51F40D7E600808B16 /* Main.storyboard */,
				8EA87B4E1F6301C200682C19 /* SearchableList.storyboard */,
			);
			name = Main;
			path = "InternaVet2/Resources/User Interfaces/Main";
			sourceTree = SOURCE_ROOT;
		};
		8E2944381F65D6E000F0FA8A /* CreateNewTask */ = {
			isa = PBXGroup;
			children = (
				8E2944391F65D6EE00F0FA8A /* CreateNewTaskViewController.swift */,
			);
			path = CreateNewTask;
			sourceTree = "<group>";
		};
		8E30CEEB1F65F1C8007D34F7 /* CustomOutputFields */ = {
			isa = PBXGroup;
			children = (
				8E30CEEC1F65F1E5007D34F7 /* DualLabelView.swift */,
				8E30CF021F662C45007D34F7 /* ValuedUILabel.swift */,
			);
			path = CustomOutputFields;
			sourceTree = "<group>";
		};
		8E30CEEE1F65FBE5007D34F7 /* UtilitaryProtocols */ = {
			isa = PBXGroup;
			children = (
				8E30CEEF1F65FBF8007D34F7 /* StringRepresentable+Implementations.swift */,
				8E79E2F61F675E95007FA9BD /* JSGenericTableController+Implementations.swift */,
			);
			path = UtilitaryProtocols;
			sourceTree = "<group>";
		};
		8E30CEF11F6623BE007D34F7 /* OwnerInterfaces */ = {
			isa = PBXGroup;
			children = (
				8E30CEF21F6623BE007D34F7 /* CreateNewOwner.storyboard */,
			);
			path = OwnerInterfaces;
			sourceTree = "<group>";
		};
		8E30CEF31F6623BE007D34F7 /* PatientInterfaces */ = {
			isa = PBXGroup;
			children = (
				8E79E2F21F675A17007FA9BD /* PatientsList.storyboard */,
				8E30CEF41F6623BE007D34F7 /* CreateNewPatient.storyboard */,
			);
			path = PatientInterfaces;
			sourceTree = "<group>";
		};
		8E30CEF51F6623BE007D34F7 /* TaskInterfaces */ = {
			isa = PBXGroup;
			children = (
				8E30CEF61F6623BE007D34F7 /* CreateNewTask.storyboard */,
			);
			path = TaskInterfaces;
			sourceTree = "<group>";
		};
		8E30CEFF1F66249A007D34F7 /* PatientsList */ = {
			isa = PBXGroup;
			children = (
				8E30CF001F66249A007D34F7 /* PatientsListViewController.swift */,
			);
			path = PatientsList;
			sourceTree = "<group>";
		};
		8E67C9D51F40F35000C3C4CE /* Controllers */ = {
			isa = PBXGroup;
			children = (
				8E67C9DF1F40F48100C3C4CE /* Extensions */,
				8EA87B491F62FC9C00682C19 /* CreateNewPatient */,
				8E30CEFF1F66249A007D34F7 /* PatientsList */,
				8E2944381F65D6E000F0FA8A /* CreateNewTask */,
				8E67C9D81F40F35000C3C4CE /* CreateNewOwner */,
				8E67C9DA1F40F35000C3C4CE /* Main */,
			);
			path = Controllers;
			sourceTree = "<group>";
		};
		8E67C9D61F40F35000C3C4CE /* Application */ = {
			isa = PBXGroup;
			children = (
				8E67C9D71F40F35000C3C4CE /* AppDelegate.swift */,
			);
			name = Application;
			path = Controllers/Application;
			sourceTree = "<group>";
		};
		8E67C9D81F40F35000C3C4CE /* CreateNewOwner */ = {
			isa = PBXGroup;
			children = (
				8E67C9D91F40F35000C3C4CE /* CreateNewOwnerViewController.swift */,
			);
			path = CreateNewOwner;
			sourceTree = "<group>";
		};
		8E67C9DA1F40F35000C3C4CE /* Main */ = {
			isa = PBXGroup;
			children = (
				8E67C9DB1F40F35000C3C4CE /* MainTabBarController.swift */,
				8EA87B4C1F63008D00682C19 /* SearchableListViewController.swift */,
			);
			path = Main;
			sourceTree = "<group>";
		};
		8E67C9DF1F40F48100C3C4CE /* Extensions */ = {
			isa = PBXGroup;
			children = (
			);
			path = Extensions;
			sourceTree = "<group>";
		};
		8E67C9E01F40F48E00C3C4CE /* Views */ = {
			isa = PBXGroup;
			children = (
				8E67C9E41F40F4B500C3C4CE /* Extensions */,
				8E67C9E11F40F48E00C3C4CE /* Cells */,
				8E67C9E21F40F48E00C3C4CE /* CustomViews */,
			);
			path = Views;
			sourceTree = "<group>";
		};
		8E67C9E11F40F48E00C3C4CE /* Cells */ = {
			isa = PBXGroup;
			children = (
				8E79E2F41F675A81007FA9BD /* PatientTableViewCell.swift */,
			);
			path = Cells;
			sourceTree = "<group>";
		};
		8E67C9E21F40F48E00C3C4CE /* CustomViews */ = {
			isa = PBXGroup;
			children = (
				8EA87B3D1F62BB1000682C19 /* ContentView.swift */,
				8E30CEEB1F65F1C8007D34F7 /* CustomOutputFields */,
				8EA87B391F62BB1000682C19 /* BorderedFields */,
				8EA87B3E1F62BB1000682C19 /* CustomInputFields */,
			);
			path = CustomViews;
			sourceTree = "<group>";
		};
		8E67C9E41F40F4B500C3C4CE /* Extensions */ = {
			isa = PBXGroup;
			children = (
				8E2D3B071F4A022F00A6B783 /* CGRect+Helpers.swift */,
				8EFC66E01F5B1FD30090F291 /* CGContext+Helpers.swift */,
				8EFC66DE1F5B0D520090F291 /* UIColor+Helpers.swift */,
				8E135B8D1F655E8C00F9162B /* UIView+Helpers.swift */,
			);
			path = Extensions;
			sourceTree = "<group>";
		};
		8E67C9E71F40F56900C3C4CE /* Constants */ = {
			isa = PBXGroup;
			children = (
				8E67C9E81F40F57100C3C4CE /* Colors.swift */,
			);
			path = Constants;
			sourceTree = "<group>";
		};
		8E79E2F81F67638D007FA9BD /* UtilitaryExtensions */ = {
			isa = PBXGroup;
			children = (
				8E79E2F91F676452007FA9BD /* UtilitaryFunctions.swift */,
			);
			path = UtilitaryExtensions;
			sourceTree = "<group>";
		};
		8EA87B391F62BB1000682C19 /* BorderedFields */ = {
			isa = PBXGroup;
			children = (
				8EA87B3A1F62BB1000682C19 /* ArrowView.swift */,
				8EA87B3B1F62BB1000682C19 /* BorderedView.swift */,
				8EA87B3C1F62BB1000682C19 /* SelectionViewFields.swift */,
				8E30CEE91F65F170007D34F7 /* BorderedButtonFields.swift */,
			);
			path = BorderedFields;
			sourceTree = "<group>";
		};
		8EA87B3E1F62BB1000682C19 /* CustomInputFields */ = {
			isa = PBXGroup;
			children = (
				8EA87B3F1F62BB1000682C19 /* CustomFloatTextField.swift */,
				8EA87B471F62CF1B00682C19 /* FieldViewContainerView.swift */,
				8EA87B401F62BB1000682C19 /* SelectionView.swift */,
			);
			path = CustomInputFields;
			sourceTree = "<group>";
		};
		8EA87B491F62FC9C00682C19 /* CreateNewPatient */ = {
			isa = PBXGroup;
			children = (
				8EA87B4A1F62FC9C00682C19 /* CreateNewPatientViewController.swift */,
			);
			path = CreateNewPatient;
			sourceTree = "<group>";
		};
		8EA87B501F630F3000682C19 /* Storage */ = {
			isa = PBXGroup;
			children = (
				8EA87B511F63414500682C19 /* StorageContext.swift */,
				8E135B891F648C1E00F9162B /* SessionController.swift */,
			);
			path = Storage;
			sourceTree = "<group>";
		};
		8EA87B531F63600D00682C19 /* Model */ = {
			isa = PBXGroup;
			children = (
				8E135B8B1F648DF700F9162B /* User.swift */,
				8EA87B541F63605800682C19 /* Owner.swift */,
				8E135B871F648BBA00F9162B /* Patient.swift */,
			);
			path = Model;
			sourceTree = "<group>";
		};
/* End PBXGroup section */

/* Begin PBXNativeTarget section */
		8E1BABA61F40D18E00808B16 /* InternaVet2 */ = {
			isa = PBXNativeTarget;
			buildConfigurationList = 8E1BABC71F40D18E00808B16 /* Build configuration list for PBXNativeTarget "InternaVet2" */;
			buildPhases = (
				6325527E5FB184A3A0A7D63A /* [CP] Check Pods Manifest.lock */,
				8E1BABA31F40D18E00808B16 /* Sources */,
				8E1BABA41F40D18E00808B16 /* Frameworks */,
				8E1BABA51F40D18E00808B16 /* Resources */,
				C43ACE40207DC63580CBFD89 /* [CP] Embed Pods Frameworks */,
				2E2E00BC5AED8D62EAA108AB /* [CP] Copy Pods Resources */,
			);
			buildRules = (
			);
			dependencies = (
			);
			name = InternaVet2;
			productName = InternaVet2;
			productReference = 8E1BABA71F40D18E00808B16 /* InternaVet2.app */;
			productType = "com.apple.product-type.application";
		};
		8E1BABBD1F40D18E00808B16 /* InternaVet2Tests */ = {
			isa = PBXNativeTarget;
			buildConfigurationList = 8E1BABCA1F40D18E00808B16 /* Build configuration list for PBXNativeTarget "InternaVet2Tests" */;
			buildPhases = (
				D2DB10A3CAA747A817E1FBA1 /* [CP] Check Pods Manifest.lock */,
				8E1BABBA1F40D18E00808B16 /* Sources */,
				8E1BABBB1F40D18E00808B16 /* Frameworks */,
				8E1BABBC1F40D18E00808B16 /* Resources */,
				01303AEA86CD6A868AA12786 /* [CP] Embed Pods Frameworks */,
				8453CB5A9D050ACA95900D6B /* [CP] Copy Pods Resources */,
			);
			buildRules = (
			);
			dependencies = (
				8E1BABC01F40D18E00808B16 /* PBXTargetDependency */,
			);
			name = InternaVet2Tests;
			productName = InternaVet2Tests;
			productReference = 8E1BABBE1F40D18E00808B16 /* InternaVet2Tests.xctest */;
			productType = "com.apple.product-type.bundle.unit-test";
		};
/* End PBXNativeTarget section */

/* Begin PBXProject section */
		8E1BAB9F1F40D18D00808B16 /* Project object */ = {
			isa = PBXProject;
			attributes = {
				LastSwiftUpdateCheck = 0830;
				LastUpgradeCheck = 0830;
				ORGANIZATIONNAME = "Jorge Luis";
				TargetAttributes = {
					8E1BABA61F40D18E00808B16 = {
						CreatedOnToolsVersion = 8.3.3;
						DevelopmentTeam = 6T34FNX5YJ;
						ProvisioningStyle = Automatic;
					};
					8E1BABBD1F40D18E00808B16 = {
						CreatedOnToolsVersion = 8.3.3;
						ProvisioningStyle = Automatic;
						TestTargetID = 8E1BABA61F40D18E00808B16;
					};
				};
			};
			buildConfigurationList = 8E1BABA21F40D18D00808B16 /* Build configuration list for PBXProject "InternaVet2" */;
			compatibilityVersion = "Xcode 3.2";
			developmentRegion = English;
			hasScannedForEncodings = 0;
			knownRegions = (
				en,
				Base,
			);
			mainGroup = 8E1BAB9E1F40D18D00808B16;
			productRefGroup = 8E1BABA81F40D18E00808B16 /* Products */;
			projectDirPath = "";
			projectRoot = "";
			targets = (
				8E1BABA61F40D18E00808B16 /* InternaVet2 */,
				8E1BABBD1F40D18E00808B16 /* InternaVet2Tests */,
			);
		};
/* End PBXProject section */

/* Begin PBXResourcesBuildPhase section */
		8E1BABA51F40D18E00808B16 /* Resources */ = {
			isa = PBXResourcesBuildPhase;
			buildActionMask = 2147483647;
			files = (
				8E30CEF91F6623BE007D34F7 /* CreateNewTask.storyboard in Resources */,
				8E1BABE61F40D7E600808B16 /* Main.storyboard in Resources */,
				8E79E2F31F675A17007FA9BD /* PatientsList.storyboard in Resources */,
				8E30CEF81F6623BE007D34F7 /* CreateNewPatient.storyboard in Resources */,
				8E30CEF71F6623BE007D34F7 /* CreateNewOwner.storyboard in Resources */,
				8EA87B4F1F6301C200682C19 /* SearchableList.storyboard in Resources */,
				8E1BABDD1F40D31A00808B16 /* LaunchScreen.storyboard in Resources */,
				8E1BABD51F40D28200808B16 /* Assets.xcassets in Resources */,
			);
			runOnlyForDeploymentPostprocessing = 0;
		};
		8E1BABBC1F40D18E00808B16 /* Resources */ = {
			isa = PBXResourcesBuildPhase;
			buildActionMask = 2147483647;
			files = (
			);
			runOnlyForDeploymentPostprocessing = 0;
		};
/* End PBXResourcesBuildPhase section */

/* Begin PBXShellScriptBuildPhase section */
		01303AEA86CD6A868AA12786 /* [CP] Embed Pods Frameworks */ = {
			isa = PBXShellScriptBuildPhase;
			buildActionMask = 2147483647;
			files = (
			);
			inputPaths = (
			);
			name = "[CP] Embed Pods Frameworks";
			outputPaths = (
			);
			runOnlyForDeploymentPostprocessing = 0;
			shellPath = /bin/sh;
			shellScript = "\"${SRCROOT}/Pods/Target Support Files/Pods-InternaVet2Tests/Pods-InternaVet2Tests-frameworks.sh\"\n";
			showEnvVarsInLog = 0;
		};
		2E2E00BC5AED8D62EAA108AB /* [CP] Copy Pods Resources */ = {
			isa = PBXShellScriptBuildPhase;
			buildActionMask = 2147483647;
			files = (
			);
			inputPaths = (
			);
			name = "[CP] Copy Pods Resources";
			outputPaths = (
			);
			runOnlyForDeploymentPostprocessing = 0;
			shellPath = /bin/sh;
			shellScript = "\"${SRCROOT}/Pods/Target Support Files/Pods-InternaVet2/Pods-InternaVet2-resources.sh\"\n";
			showEnvVarsInLog = 0;
		};
		6325527E5FB184A3A0A7D63A /* [CP] Check Pods Manifest.lock */ = {
			isa = PBXShellScriptBuildPhase;
			buildActionMask = 2147483647;
			files = (
			);
			inputPaths = (
			);
			name = "[CP] Check Pods Manifest.lock";
			outputPaths = (
			);
			runOnlyForDeploymentPostprocessing = 0;
			shellPath = /bin/sh;
			shellScript = "diff \"${PODS_PODFILE_DIR_PATH}/Podfile.lock\" \"${PODS_ROOT}/Manifest.lock\" > /dev/null\nif [ $? != 0 ] ; then\n    # print error to STDERR\n    echo \"error: The sandbox is not in sync with the Podfile.lock. Run 'pod install' or update your CocoaPods installation.\" >&2\n    exit 1\nfi\n";
			showEnvVarsInLog = 0;
		};
		8453CB5A9D050ACA95900D6B /* [CP] Copy Pods Resources */ = {
			isa = PBXShellScriptBuildPhase;
			buildActionMask = 2147483647;
			files = (
			);
			inputPaths = (
			);
			name = "[CP] Copy Pods Resources";
			outputPaths = (
			);
			runOnlyForDeploymentPostprocessing = 0;
			shellPath = /bin/sh;
			shellScript = "\"${SRCROOT}/Pods/Target Support Files/Pods-InternaVet2Tests/Pods-InternaVet2Tests-resources.sh\"\n";
			showEnvVarsInLog = 0;
		};
		C43ACE40207DC63580CBFD89 /* [CP] Embed Pods Frameworks */ = {
			isa = PBXShellScriptBuildPhase;
			buildActionMask = 2147483647;
			files = (
			);
			inputPaths = (
			);
			name = "[CP] Embed Pods Frameworks";
			outputPaths = (
			);
			runOnlyForDeploymentPostprocessing = 0;
			shellPath = /bin/sh;
			shellScript = "\"${SRCROOT}/Pods/Target Support Files/Pods-InternaVet2/Pods-InternaVet2-frameworks.sh\"\n";
			showEnvVarsInLog = 0;
		};
		D2DB10A3CAA747A817E1FBA1 /* [CP] Check Pods Manifest.lock */ = {
			isa = PBXShellScriptBuildPhase;
			buildActionMask = 2147483647;
			files = (
			);
			inputPaths = (
			);
			name = "[CP] Check Pods Manifest.lock";
			outputPaths = (
			);
			runOnlyForDeploymentPostprocessing = 0;
			shellPath = /bin/sh;
			shellScript = "diff \"${PODS_PODFILE_DIR_PATH}/Podfile.lock\" \"${PODS_ROOT}/Manifest.lock\" > /dev/null\nif [ $? != 0 ] ; then\n    # print error to STDERR\n    echo \"error: The sandbox is not in sync with the Podfile.lock. Run 'pod install' or update your CocoaPods installation.\" >&2\n    exit 1\nfi\n";
			showEnvVarsInLog = 0;
		};
/* End PBXShellScriptBuildPhase section */

/* Begin PBXSourcesBuildPhase section */
		8E1BABA31F40D18E00808B16 /* Sources */ = {
			isa = PBXSourcesBuildPhase;
			buildActionMask = 2147483647;
			files = (
				8E30CF011F66249A007D34F7 /* PatientsListViewController.swift in Sources */,
				8EA87B431F62BB1000682C19 /* SelectionViewFields.swift in Sources */,
				8EA87B451F62BB1000682C19 /* CustomFloatTextField.swift in Sources */,
				8EA87B481F62CF1B00682C19 /* FieldViewContainerView.swift in Sources */,
				8EA87B551F63605800682C19 /* Owner.swift in Sources */,
				8EA87B4D1F63008D00682C19 /* SearchableListViewController.swift in Sources */,
				8E135B8A1F648C1E00F9162B /* SessionController.swift in Sources */,
				8E67C9DD1F40F35000C3C4CE /* CreateNewOwnerViewController.swift in Sources */,
				8E135B8E1F655E8D00F9162B /* UIView+Helpers.swift in Sources */,
				8EA87B4B1F62FC9C00682C19 /* CreateNewPatientViewController.swift in Sources */,
				8E30CEED1F65F1E5007D34F7 /* DualLabelView.swift in Sources */,
				8EA87B421F62BB1000682C19 /* BorderedView.swift in Sources */,
				8E67C9E91F40F57100C3C4CE /* Colors.swift in Sources */,
				8E135B8C1F648DF700F9162B /* User.swift in Sources */,
				8E29443A1F65D6EE00F0FA8A /* CreateNewTaskViewController.swift in Sources */,
				8E135B881F648BBA00F9162B /* Patient.swift in Sources */,
				8EA87B411F62BB1000682C19 /* ArrowView.swift in Sources */,
				8E30CF031F662C45007D34F7 /* ValuedUILabel.swift in Sources */,
				8E30CEF01F65FBF8007D34F7 /* StringRepresentable+Implementations.swift in Sources */,
				8E79E2FA1F676452007FA9BD /* UtilitaryFunctions.swift in Sources */,
				8E30CEEA1F65F170007D34F7 /* BorderedButtonFields.swift in Sources */,
				8E67C9DC1F40F35000C3C4CE /* AppDelegate.swift in Sources */,
				8E2D3B081F4A022F00A6B783 /* CGRect+Helpers.swift in Sources */,
				8EA87B521F63414500682C19 /* StorageContext.swift in Sources */,
				8EFC66DF1F5B0D520090F291 /* UIColor+Helpers.swift in Sources */,
				8EFC66E11F5B1FD30090F291 /* CGContext+Helpers.swift in Sources */,
				8E79E2F71F675E95007FA9BD /* JSGenericTableController+Implementations.swift in Sources */,
				8EA87B441F62BB1000682C19 /* ContentView.swift in Sources */,
				8E67C9DE1F40F35000C3C4CE /* MainTabBarController.swift in Sources */,
				8E79E2F51F675A81007FA9BD /* PatientTableViewCell.swift in Sources */,
				8E1BABD81F40D2B700808B16 /* InternaVet2.xcdatamodeld in Sources */,
				8EA87B461F62BB1000682C19 /* SelectionView.swift in Sources */,
			);
			runOnlyForDeploymentPostprocessing = 0;
		};
		8E1BABBA1F40D18E00808B16 /* Sources */ = {
			isa = PBXSourcesBuildPhase;
			buildActionMask = 2147483647;
			files = (
				8E1BABC31F40D18E00808B16 /* InternaVet2Tests.swift in Sources */,
			);
			runOnlyForDeploymentPostprocessing = 0;
		};
/* End PBXSourcesBuildPhase section */

/* Begin PBXTargetDependency section */
		8E1BABC01F40D18E00808B16 /* PBXTargetDependency */ = {
			isa = PBXTargetDependency;
			target = 8E1BABA61F40D18E00808B16 /* InternaVet2 */;
			targetProxy = 8E1BABBF1F40D18E00808B16 /* PBXContainerItemProxy */;
		};
/* End PBXTargetDependency section */

/* Begin XCBuildConfiguration section */
		8E1BABC51F40D18E00808B16 /* Debug */ = {
			isa = XCBuildConfiguration;
			buildSettings = {
				ALWAYS_SEARCH_USER_PATHS = NO;
				CLANG_ANALYZER_NONNULL = YES;
				CLANG_ANALYZER_NUMBER_OBJECT_CONVERSION = YES_AGGRESSIVE;
				CLANG_CXX_LANGUAGE_STANDARD = "gnu++0x";
				CLANG_CXX_LIBRARY = "libc++";
				CLANG_ENABLE_MODULES = YES;
				CLANG_ENABLE_OBJC_ARC = YES;
				CLANG_WARN_BOOL_CONVERSION = YES;
				CLANG_WARN_CONSTANT_CONVERSION = YES;
				CLANG_WARN_DIRECT_OBJC_ISA_USAGE = YES_ERROR;
				CLANG_WARN_DOCUMENTATION_COMMENTS = YES;
				CLANG_WARN_EMPTY_BODY = YES;
				CLANG_WARN_ENUM_CONVERSION = YES;
				CLANG_WARN_INFINITE_RECURSION = YES;
				CLANG_WARN_INT_CONVERSION = YES;
				CLANG_WARN_OBJC_ROOT_CLASS = YES_ERROR;
				CLANG_WARN_SUSPICIOUS_MOVE = YES;
				CLANG_WARN_UNREACHABLE_CODE = YES;
				CLANG_WARN__DUPLICATE_METHOD_MATCH = YES;
				"CODE_SIGN_IDENTITY[sdk=iphoneos*]" = "iPhone Developer";
				COPY_PHASE_STRIP = NO;
				DEBUG_INFORMATION_FORMAT = dwarf;
				ENABLE_STRICT_OBJC_MSGSEND = YES;
				ENABLE_TESTABILITY = YES;
				GCC_C_LANGUAGE_STANDARD = gnu99;
				GCC_DYNAMIC_NO_PIC = NO;
				GCC_NO_COMMON_BLOCKS = YES;
				GCC_OPTIMIZATION_LEVEL = 0;
				GCC_PREPROCESSOR_DEFINITIONS = (
					"DEBUG=1",
					"$(inherited)",
				);
				GCC_WARN_64_TO_32_BIT_CONVERSION = YES;
				GCC_WARN_ABOUT_RETURN_TYPE = YES_ERROR;
				GCC_WARN_UNDECLARED_SELECTOR = YES;
				GCC_WARN_UNINITIALIZED_AUTOS = YES_AGGRESSIVE;
				GCC_WARN_UNUSED_FUNCTION = YES;
				GCC_WARN_UNUSED_VARIABLE = YES;
				IPHONEOS_DEPLOYMENT_TARGET = 10.3;
				MTL_ENABLE_DEBUG_INFO = YES;
				ONLY_ACTIVE_ARCH = YES;
				SDKROOT = iphoneos;
				SWIFT_ACTIVE_COMPILATION_CONDITIONS = DEBUG;
				SWIFT_OPTIMIZATION_LEVEL = "-Onone";
				TARGETED_DEVICE_FAMILY = "1,2";
			};
			name = Debug;
		};
		8E1BABC61F40D18E00808B16 /* Release */ = {
			isa = XCBuildConfiguration;
			buildSettings = {
				ALWAYS_SEARCH_USER_PATHS = NO;
				CLANG_ANALYZER_NONNULL = YES;
				CLANG_ANALYZER_NUMBER_OBJECT_CONVERSION = YES_AGGRESSIVE;
				CLANG_CXX_LANGUAGE_STANDARD = "gnu++0x";
				CLANG_CXX_LIBRARY = "libc++";
				CLANG_ENABLE_MODULES = YES;
				CLANG_ENABLE_OBJC_ARC = YES;
				CLANG_WARN_BOOL_CONVERSION = YES;
				CLANG_WARN_CONSTANT_CONVERSION = YES;
				CLANG_WARN_DIRECT_OBJC_ISA_USAGE = YES_ERROR;
				CLANG_WARN_DOCUMENTATION_COMMENTS = YES;
				CLANG_WARN_EMPTY_BODY = YES;
				CLANG_WARN_ENUM_CONVERSION = YES;
				CLANG_WARN_INFINITE_RECURSION = YES;
				CLANG_WARN_INT_CONVERSION = YES;
				CLANG_WARN_OBJC_ROOT_CLASS = YES_ERROR;
				CLANG_WARN_SUSPICIOUS_MOVE = YES;
				CLANG_WARN_UNREACHABLE_CODE = YES;
				CLANG_WARN__DUPLICATE_METHOD_MATCH = YES;
				"CODE_SIGN_IDENTITY[sdk=iphoneos*]" = "iPhone Developer";
				COPY_PHASE_STRIP = NO;
				DEBUG_INFORMATION_FORMAT = "dwarf-with-dsym";
				ENABLE_NS_ASSERTIONS = NO;
				ENABLE_STRICT_OBJC_MSGSEND = YES;
				GCC_C_LANGUAGE_STANDARD = gnu99;
				GCC_NO_COMMON_BLOCKS = YES;
				GCC_WARN_64_TO_32_BIT_CONVERSION = YES;
				GCC_WARN_ABOUT_RETURN_TYPE = YES_ERROR;
				GCC_WARN_UNDECLARED_SELECTOR = YES;
				GCC_WARN_UNINITIALIZED_AUTOS = YES_AGGRESSIVE;
				GCC_WARN_UNUSED_FUNCTION = YES;
				GCC_WARN_UNUSED_VARIABLE = YES;
				IPHONEOS_DEPLOYMENT_TARGET = 10.3;
				MTL_ENABLE_DEBUG_INFO = NO;
				SDKROOT = iphoneos;
				SWIFT_OPTIMIZATION_LEVEL = "-Owholemodule";
				TARGETED_DEVICE_FAMILY = "1,2";
				VALIDATE_PRODUCT = YES;
			};
			name = Release;
		};
		8E1BABC81F40D18E00808B16 /* Debug */ = {
			isa = XCBuildConfiguration;
			baseConfigurationReference = 238BDCE58DD29F17F6B56654 /* Pods-InternaVet2.debug.xcconfig */;
			buildSettings = {
				ASSETCATALOG_COMPILER_APPICON_NAME = AppIcon;
				DEVELOPMENT_TEAM = 6T34FNX5YJ;
				INFOPLIST_FILE = "$(SRCROOT)/InternaVet2/Supporting Files/Info.plist";
				LD_RUNPATH_SEARCH_PATHS = "$(inherited) @executable_path/Frameworks";
				PRODUCT_BUNDLE_IDENTIFIER = jorge.xavier.InternaVet2;
				PRODUCT_NAME = "$(TARGET_NAME)";
				SWIFT_VERSION = 3.0;
			};
			name = Debug;
		};
		8E1BABC91F40D18E00808B16 /* Release */ = {
			isa = XCBuildConfiguration;
			baseConfigurationReference = C1C5BB12C58792A2AEF9DBC0 /* Pods-InternaVet2.release.xcconfig */;
			buildSettings = {
				ASSETCATALOG_COMPILER_APPICON_NAME = AppIcon;
				DEVELOPMENT_TEAM = 6T34FNX5YJ;
				INFOPLIST_FILE = "$(SRCROOT)/InternaVet2/Supporting Files/Info.plist";
				LD_RUNPATH_SEARCH_PATHS = "$(inherited) @executable_path/Frameworks";
				PRODUCT_BUNDLE_IDENTIFIER = jorge.xavier.InternaVet2;
				PRODUCT_NAME = "$(TARGET_NAME)";
				SWIFT_VERSION = 3.0;
			};
			name = Release;
		};
		8E1BABCB1F40D18E00808B16 /* Debug */ = {
			isa = XCBuildConfiguration;
			baseConfigurationReference = 7169EFBB255783ED9952BD46 /* Pods-InternaVet2Tests.debug.xcconfig */;
			buildSettings = {
				ALWAYS_EMBED_SWIFT_STANDARD_LIBRARIES = YES;
				BUNDLE_LOADER = "$(TEST_HOST)";
				INFOPLIST_FILE = InternaVet2Tests/Info.plist;
				LD_RUNPATH_SEARCH_PATHS = "$(inherited) @executable_path/Frameworks @loader_path/Frameworks";
				PRODUCT_BUNDLE_IDENTIFIER = jorge.xavier.InternaVet2Tests;
				PRODUCT_NAME = "$(TARGET_NAME)";
				SWIFT_VERSION = 3.0;
				TEST_HOST = "$(BUILT_PRODUCTS_DIR)/InternaVet2.app/InternaVet2";
			};
			name = Debug;
		};
		8E1BABCC1F40D18E00808B16 /* Release */ = {
			isa = XCBuildConfiguration;
			baseConfigurationReference = DF5EEA3D31CD443686A0E574 /* Pods-InternaVet2Tests.release.xcconfig */;
			buildSettings = {
				ALWAYS_EMBED_SWIFT_STANDARD_LIBRARIES = YES;
				BUNDLE_LOADER = "$(TEST_HOST)";
				INFOPLIST_FILE = InternaVet2Tests/Info.plist;
				LD_RUNPATH_SEARCH_PATHS = "$(inherited) @executable_path/Frameworks @loader_path/Frameworks";
				PRODUCT_BUNDLE_IDENTIFIER = jorge.xavier.InternaVet2Tests;
				PRODUCT_NAME = "$(TARGET_NAME)";
				SWIFT_VERSION = 3.0;
				TEST_HOST = "$(BUILT_PRODUCTS_DIR)/InternaVet2.app/InternaVet2";
			};
			name = Release;
		};
/* End XCBuildConfiguration section */

/* Begin XCConfigurationList section */
		8E1BABA21F40D18D00808B16 /* Build configuration list for PBXProject "InternaVet2" */ = {
			isa = XCConfigurationList;
			buildConfigurations = (
				8E1BABC51F40D18E00808B16 /* Debug */,
				8E1BABC61F40D18E00808B16 /* Release */,
			);
			defaultConfigurationIsVisible = 0;
			defaultConfigurationName = Release;
		};
		8E1BABC71F40D18E00808B16 /* Build configuration list for PBXNativeTarget "InternaVet2" */ = {
			isa = XCConfigurationList;
			buildConfigurations = (
				8E1BABC81F40D18E00808B16 /* Debug */,
				8E1BABC91F40D18E00808B16 /* Release */,
			);
			defaultConfigurationIsVisible = 0;
			defaultConfigurationName = Release;
		};
		8E1BABCA1F40D18E00808B16 /* Build configuration list for PBXNativeTarget "InternaVet2Tests" */ = {
			isa = XCConfigurationList;
			buildConfigurations = (
				8E1BABCB1F40D18E00808B16 /* Debug */,
				8E1BABCC1F40D18E00808B16 /* Release */,
			);
			defaultConfigurationIsVisible = 0;
			defaultConfigurationName = Release;
		};
/* End XCConfigurationList section */

/* Begin XCVersionGroup section */
		8E1BABD61F40D2B700808B16 /* InternaVet2.xcdatamodeld */ = {
			isa = XCVersionGroup;
			children = (
				8E1BABD71F40D2B700808B16 /* InternaVet2.xcdatamodel */,
			);
			currentVersion = 8E1BABD71F40D2B700808B16 /* InternaVet2.xcdatamodel */;
			path = InternaVet2.xcdatamodeld;
			sourceTree = "<group>";
			versionGroupType = wrapper.xcdatamodel;
		};
/* End XCVersionGroup section */
	};
	rootObject = 8E1BAB9F1F40D18D00808B16 /* Project object */;
}
